
Microsoft Visual Studio Solution File, Format Version 12.00
# Visual Studio 14
VisualStudioVersion = 14.0.25420.1
MinimumVisualStudioVersion = 10.0.40219.1
Project("{8BC9CEB8-8B4A-11D0-8D11-00A0C91BC942}") = "TestCase_001-Window", "TestCase_001-Window\TestCase_001-Window.vcxproj", "{A7A38E10-49E6-44DA-BBBB-76BC03A8119A}"
EndProject
Project("{8BC9CEB8-8B4A-11D0-8D11-00A0C91BC942}") = "TestCase_002-Shader", "TestCase_002-Shader\TestCase_002-Shader.vcxproj", "{A2DBF47F-DF6E-476A-B2C3-DF127FBAFF52}"
EndProject
Project("{8BC9CEB8-8B4A-11D0-8D11-00A0C91BC942}") = "TestCase_003-Texture", "TestCase_003-Texture\TestCase_003-Texture.vcxproj", "{DD091493-D42D-4CE2-902A-611DC2C06E7F}"
EndProject
Project("{8BC9CEB8-8B4A-11D0-8D11-00A0C91BC942}") = "TestCase_004-Camera", "TestCase_004-Camera\TestCase_004-Camera.vcxproj", "{99AAB9C3-3B06-4AC7-B1B8-3036DA4478AB}"
EndProject
Project("{8BC9CEB8-8B4A-11D0-8D11-00A0C91BC942}") = "TestCase_005-Model", "TestCase_005-Model\TestCase_005-Model.vcxproj", "{ED370221-11D5-4C82-88E3-A079F24D4452}"
EndProject
Project("{8BC9CEB8-8B4A-11D0-8D11-00A0C91BC942}") = "TestCase_006-Debugger", "TestCase_006-Debugger\TestCase_006-Debugger.vcxproj", "{1EFAC794-D12B-4FD9-9A89-9982227BF534}"
EndProject
Project("{8BC9CEB8-8B4A-11D0-8D11-00A0C91BC942}") = "TestCase_008-TwearBar", "TestCase_008-TwearBar\TestCase_008-TwearBar.vcxproj", "{5B2B40F6-2897-4E59-81B3-89F43403D007}"
EndProject
Project("{8BC9CEB8-8B4A-11D0-8D11-00A0C91BC942}") = "TestCase_007-Input", "TestCase_007-Input\TestCase_007-Input.vcxproj", "{C97D70BA-1FFE-476E-8EA7-01D65A75FC6A}"
EndProject
Project("{8BC9CEB8-8B4A-11D0-8D11-00A0C91BC942}") = "TestCase_009-FBO", "TestCase_009-FBO\TestCase_009-FBO.vcxproj", "{1BCF980A-3759-4DD8-B5F9-8242C9C8A392}"
EndProject
Global
	GlobalSection(SolutionConfigurationPlatforms) = preSolution
		Debug|x64 = Debug|x64
		Debug|x86 = Debug|x86
		Release|x64 = Release|x64
		Release|x86 = Release|x86
	EndGlobalSection
	GlobalSection(ProjectConfigurationPlatforms) = postSolution
		{A7A38E10-49E6-44DA-BBBB-76BC03A8119A}.Debug|x64.ActiveCfg = Debug|x64
		{A7A38E10-49E6-44DA-BBBB-76BC03A8119A}.Debug|x64.Build.0 = Debug|x64
		{A7A38E10-49E6-44DA-BBBB-76BC03A8119A}.Debug|x86.ActiveCfg = Debug|Win32
		{A7A38E10-49E6-44DA-BBBB-76BC03A8119A}.Debug|x86.Build.0 = Debug|Win32
		{A7A38E10-49E6-44DA-BBBB-76BC03A8119A}.Release|x64.ActiveCfg = Release|x64
		{A7A38E10-49E6-44DA-BBBB-76BC03A8119A}.Release|x64.Build.0 = Release|x64
		{A7A38E10-49E6-44DA-BBBB-76BC03A8119A}.Release|x86.ActiveCfg = Release|Win32
		{A7A38E10-49E6-44DA-BBBB-76BC03A8119A}.Release|x86.Build.0 = Release|Win32
		{A2DBF47F-DF6E-476A-B2C3-DF127FBAFF52}.Debug|x64.ActiveCfg = Debug|x64
		{A2DBF47F-DF6E-476A-B2C3-DF127FBAFF52}.Debug|x64.Build.0 = Debug|x64
		{A2DBF47F-DF6E-476A-B2C3-DF127FBAFF52}.Debug|x86.ActiveCfg = Debug|Win32
		{A2DBF47F-DF6E-476A-B2C3-DF127FBAFF52}.Debug|x86.Build.0 = Debug|Win32
		{A2DBF47F-DF6E-476A-B2C3-DF127FBAFF52}.Release|x64.ActiveCfg = Release|x64
		{A2DBF47F-DF6E-476A-B2C3-DF127FBAFF52}.Release|x64.Build.0 = Release|x64
		{A2DBF47F-DF6E-476A-B2C3-DF127FBAFF52}.Release|x86.ActiveCfg = Release|Win32
		{A2DBF47F-DF6E-476A-B2C3-DF127FBAFF52}.Release|x86.Build.0 = Release|Win32
		{DD091493-D42D-4CE2-902A-611DC2C06E7F}.Debug|x64.ActiveCfg = Debug|x64
		{DD091493-D42D-4CE2-902A-611DC2C06E7F}.Debug|x64.Build.0 = Debug|x64
		{DD091493-D42D-4CE2-902A-611DC2C06E7F}.Debug|x86.ActiveCfg = Debug|Win32
		{DD091493-D42D-4CE2-902A-611DC2C06E7F}.Debug|x86.Build.0 = Debug|Win32
		{DD091493-D42D-4CE2-902A-611DC2C06E7F}.Release|x64.ActiveCfg = Release|x64
		{DD091493-D42D-4CE2-902A-611DC2C06E7F}.Release|x64.Build.0 = Release|x64
		{DD091493-D42D-4CE2-902A-611DC2C06E7F}.Release|x86.ActiveCfg = Release|Win32
		{DD091493-D42D-4CE2-902A-611DC2C06E7F}.Release|x86.Build.0 = Release|Win32
		{99AAB9C3-3B06-4AC7-B1B8-3036DA4478AB}.Debug|x64.ActiveCfg = Debug|x64
		{99AAB9C3-3B06-4AC7-B1B8-3036DA4478AB}.Debug|x64.Build.0 = Debug|x64
		{99AAB9C3-3B06-4AC7-B1B8-3036DA4478AB}.Debug|x86.ActiveCfg = Debug|Win32
		{99AAB9C3-3B06-4AC7-B1B8-3036DA4478AB}.Debug|x86.Build.0 = Debug|Win32
		{99AAB9C3-3B06-4AC7-B1B8-3036DA4478AB}.Release|x64.ActiveCfg = Release|x64
		{99AAB9C3-3B06-4AC7-B1B8-3036DA4478AB}.Release|x64.Build.0 = Release|x64
		{99AAB9C3-3B06-4AC7-B1B8-3036DA4478AB}.Release|x86.ActiveCfg = Release|Win32
		{99AAB9C3-3B06-4AC7-B1B8-3036DA4478AB}.Release|x86.Build.0 = Release|Win32
		{ED370221-11D5-4C82-88E3-A079F24D4452}.Debug|x64.ActiveCfg = Debug|x64
		{ED370221-11D5-4C82-88E3-A079F24D4452}.Debug|x64.Build.0 = Debug|x64
		{ED370221-11D5-4C82-88E3-A079F24D4452}.Debug|x86.ActiveCfg = Debug|Win32
		{ED370221-11D5-4C82-88E3-A079F24D4452}.Debug|x86.Build.0 = Debug|Win32
		{ED370221-11D5-4C82-88E3-A079F24D4452}.Release|x64.ActiveCfg = Release|x64
		{ED370221-11D5-4C82-88E3-A079F24D4452}.Release|x64.Build.0 = Release|x64
		{ED370221-11D5-4C82-88E3-A079F24D4452}.Release|x86.ActiveCfg = Release|Win32
		{ED370221-11D5-4C82-88E3-A079F24D4452}.Release|x86.Build.0 = Release|Win32
		{1EFAC794-D12B-4FD9-9A89-9982227BF534}.Debug|x64.ActiveCfg = Debug|x64
		{1EFAC794-D12B-4FD9-9A89-9982227BF534}.Debug|x64.Build.0 = Debug|x64
		{1EFAC794-D12B-4FD9-9A89-9982227BF534}.Debug|x86.ActiveCfg = Debug|Win32
		{1EFAC794-D12B-4FD9-9A89-9982227BF534}.Debug|x86.Build.0 = Debug|Win32
		{1EFAC794-D12B-4FD9-9A89-9982227BF534}.Release|x64.ActiveCfg = Release|x64
		{1EFAC794-D12B-4FD9-9A89-9982227BF534}.Release|x64.Build.0 = Release|x64
		{1EFAC794-D12B-4FD9-9A89-9982227BF534}.Release|x86.ActiveCfg = Release|Win32
		{1EFAC794-D12B-4FD9-9A89-9982227BF534}.Release|x86.Build.0 = Release|Win32
		{5B2B40F6-2897-4E59-81B3-89F43403D007}.Debug|x64.ActiveCfg = Debug|x64
		{5B2B40F6-2897-4E59-81B3-89F43403D007}.Debug|x64.Build.0 = Debug|x64
		{5B2B40F6-2897-4E59-81B3-89F43403D007}.Debug|x86.ActiveCfg = Debug|Win32
		{5B2B40F6-2897-4E59-81B3-89F43403D007}.Debug|x86.Build.0 = Debug|Win32
		{5B2B40F6-2897-4E59-81B3-89F43403D007}.Release|x64.ActiveCfg = Release|x64
		{5B2B40F6-2897-4E59-81B3-89F43403D007}.Release|x64.Build.0 = Release|x64
		{5B2B40F6-2897-4E59-81B3-89F43403D007}.Release|x86.ActiveCfg = Release|Win32
		{5B2B40F6-2897-4E59-81B3-89F43403D007}.Release|x86.Build.0 = Release|Win32
		{C97D70BA-1FFE-476E-8EA7-01D65A75FC6A}.Debug|x64.ActiveCfg = Debug|x64
		{C97D70BA-1FFE-476E-8EA7-01D65A75FC6A}.Debug|x64.Build.0 = Debug|x64
		{C97D70BA-1FFE-476E-8EA7-01D65A75FC6A}.Debug|x86.ActiveCfg = Debug|Win32
		{C97D70BA-1FFE-476E-8EA7-01D65A75FC6A}.Debug|x86.Build.0 = Debug|Win32
		{C97D70BA-1FFE-476E-8EA7-01D65A75FC6A}.Release|x64.ActiveCfg = Release|x64
		{C97D70BA-1FFE-476E-8EA7-01D65A75FC6A}.Release|x64.Build.0 = Release|x64
		{C97D70BA-1FFE-476E-8EA7-01D65A75FC6A}.Release|x86.ActiveCfg = Release|Win32
		{C97D70BA-1FFE-476E-8EA7-01D65A75FC6A}.Release|x86.Build.0 = Release|Win32
		{1BCF980A-3759-4DD8-B5F9-8242C9C8A392}.Debug|x64.ActiveCfg = Debug|x64
		{1BCF980A-3759-4DD8-B5F9-8242C9C8A392}.Debug|x64.Build.0 = Debug|x64
		{1BCF980A-3759-4DD8-B5F9-8242C9C8A392}.Debug|x86.ActiveCfg = Debug|Win32
		{1BCF980A-3759-4DD8-B5F9-8242C9C8A392}.Debug|x86.Build.0 = Debug|Win32
		{1BCF980A-3759-4DD8-B5F9-8242C9C8A392}.Release|x64.ActiveCfg = Release|x64
		{1BCF980A-3759-4DD8-B5F9-8242C9C8A392}.Release|x64.Build.0 = Release|x64
		{1BCF980A-3759-4DD8-B5F9-8242C9C8A392}.Release|x86.ActiveCfg = Release|Win32
		{1BCF980A-3759-4DD8-B5F9-8242C9C8A392}.Release|x86.Build.0 = Release|Win32
	EndGlobalSection
	GlobalSection(SolutionProperties) = preSolution
		HideSolutionNode = FALSE
	EndGlobalSection
EndGlobal
